
Microsoft Visual Studio Solution File, Format Version 12.00
# Visual Studio Version 17
VisualStudioVersion = 17.9.34728.123
MinimumVisualStudioVersion = 10.0.40219.1
Project("{FAE04EC0-301F-11D3-BF4B-00C04F79EFBC}") = "W9Lists", "W9Lists\W9Lists.csproj", "{EBF432C3-B84E-440C-AF36-DBA027FDE525}"
EndProject
Global
	GlobalSection(SolutionConfigurationPlatforms) = preSolution
		Debug|Any CPU = Debug|Any CPU
		Release|Any CPU = Release|Any CPU
	EndGlobalSection
	GlobalSection(ProjectConfigurationPlatforms) = postSolution
		{EBF432C3-B84E-440C-AF36-DBA027FDE525}.Debug|Any CPU.ActiveCfg = Debug|Any CPU
		{EBF432C3-B84E-440C-AF36-DBA027FDE525}.Debug|Any CPU.Build.0 = Debug|Any CPU
		{EBF432C3-B84E-440C-AF36-DBA027FDE525}.Release|Any CPU.ActiveCfg = Release|Any CPU
		{EBF432C3-B84E-440C-AF36-DBA027FDE525}.Release|Any CPU.Build.0 = Release|Any CPU
	EndGlobalSection
	GlobalSection(SolutionProperties) = preSolution
		HideSolutionNode = FALSE
	EndGlobalSection
	GlobalSection(ExtensibilityGlobals) = postSolution
		SolutionGuid = {87400FB6-8E6A-46DB-B292-640F86383DDB}
	EndGlobalSection
EndGlobal
